// !$*UTF8*$!
{
	archiveVersion = 1;
	classes = {
	};
	objectVersion = 56;
	objects = {

/* Begin PBXBuildFile section */
		20AC8A422BACB481001BB43D /* AppDelegate.swift in Sources */ = {isa = PBXBuildFile; fileRef = 20AC8A412BACB481001BB43D /* AppDelegate.swift */; };
		20AC8A442BACB481001BB43D /* ViewController.swift in Sources */ = {isa = PBXBuildFile; fileRef = 20AC8A432BACB481001BB43D /* ViewController.swift */; };
		20AC8A462BACB482001BB43D /* Assets.xcassets in Resources */ = {isa = PBXBuildFile; fileRef = 20AC8A452BACB482001BB43D /* Assets.xcassets */; };
		20AC8A492BACB482001BB43D /* Main.storyboard in Resources */ = {isa = PBXBuildFile; fileRef = 20AC8A472BACB482001BB43D /* Main.storyboard */; };
		20AC8A542BACB482001BB43D /* Lab_5Tests.swift in Sources */ = {isa = PBXBuildFile; fileRef = 20AC8A532BACB482001BB43D /* Lab_5Tests.swift */; };
		20AC8A5E2BACB482001BB43D /* Lab_5UITests.swift in Sources */ = {isa = PBXBuildFile; fileRef = 20AC8A5D2BACB482001BB43D /* Lab_5UITests.swift */; };
		20AC8A602BACB482001BB43D /* Lab_5UITestsLaunchTests.swift in Sources */ = {isa = PBXBuildFile; fileRef = 20AC8A5F2BACB482001BB43D /* Lab_5UITestsLaunchTests.swift */; };
/* End PBXBuildFile section */

/* Begin PBXContainerItemProxy section */
		20AC8A502BACB482001BB43D /* PBXContainerItemProxy */ = {
			isa = PBXContainerItemProxy;
			containerPortal = 20AC8A362BACB481001BB43D /* Project object */;
			proxyType = 1;
			remoteGlobalIDString = 20AC8A3D2BACB481001BB43D;
			remoteInfo = "Lab 5";
		};
		20AC8A5A2BACB482001BB43D /* PBXContainerItemProxy */ = {
			isa = PBXContainerItemProxy;
			containerPortal = 20AC8A362BACB481001BB43D /* Project object */;
			proxyType = 1;
			remoteGlobalIDString = 20AC8A3D2BACB481001BB43D;
			remoteInfo = "Lab 5";
		};
/* End PBXContainerItemProxy section */

/* Begin PBXFileReference section */
		20AC8A3E2BACB481001BB43D /* Lab 5.app */ = {isa = PBXFileReference; explicitFileType = wrapper.application; includeInIndex = 0; path = "Lab 5.app"; sourceTree = BUILT_PRODUCTS_DIR; };
		20AC8A412BACB481001BB43D /* AppDelegate.swift */ = {isa = PBXFileReference; lastKnownFileType = sourcecode.swift; path = AppDelegate.swift; sourceTree = "<group>"; };
		20AC8A432BACB481001BB43D /* ViewController.swift */ = {isa = PBXFileReference; lastKnownFileType = sourcecode.swift; path = ViewController.swift; sourceTree = "<group>"; };
		20AC8A452BACB482001BB43D /* Assets.xcassets */ = {isa = PBXFileReference; lastKnownFileType = folder.assetcatalog; path = Assets.xcassets; sourceTree = "<group>"; };
		20AC8A482BACB482001BB43D /* Base */ = {isa = PBXFileReference; lastKnownFileType = file.storyboard; name = Base; path = Base.lproj/Main.storyboard; sourceTree = "<group>"; };
		20AC8A4A2BACB482001BB43D /* Lab_5.entitlements */ = {isa = PBXFileReference; lastKnownFileType = text.plist.entitlements; path = Lab_5.entitlements; sourceTree = "<group>"; };
		20AC8A4F2BACB482001BB43D /* Lab 5Tests.xctest */ = {isa = PBXFileReference; explicitFileType = wrapper.cfbundle; includeInIndex = 0; path = "Lab 5Tests.xctest"; sourceTree = BUILT_PRODUCTS_DIR; };
		20AC8A532BACB482001BB43D /* Lab_5Tests.swift */ = {isa = PBXFileReference; lastKnownFileType = sourcecode.swift; path = Lab_5Tests.swift; sourceTree = "<group>"; };
		20AC8A592BACB482001BB43D /* Lab 5UITests.xctest */ = {isa = PBXFileReference; explicitFileType = wrapper.cfbundle; includeInIndex = 0; path = "Lab 5UITests.xctest"; sourceTree = BUILT_PRODUCTS_DIR; };
		20AC8A5D2BACB482001BB43D /* Lab_5UITests.swift */ = {isa = PBXFileReference; lastKnownFileType = sourcecode.swift; path = Lab_5UITests.swift; sourceTree = "<group>"; };
		20AC8A5F2BACB482001BB43D /* Lab_5UITestsLaunchTests.swift */ = {isa = PBXFileReference; lastKnownFileType = sourcecode.swift; path = Lab_5UITestsLaunchTests.swift; sourceTree = "<group>"; };
/* End PBXFileReference section */

/* Begin PBXFrameworksBuildPhase section */
		20AC8A3B2BACB481001BB43D /* Frameworks */ = {
			isa = PBXFrameworksBuildPhase;
			buildActionMask = 2147483647;
			files = (
			);
			runOnlyForDeploymentPostprocessing = 0;
		};
		20AC8A4C2BACB482001BB43D /* Frameworks */ = {
			isa = PBXFrameworksBuildPhase;
			buildActionMask = 2147483647;
			files = (
			);
			runOnlyForDeploymentPostprocessing = 0;
		};
		20AC8A562BACB482001BB43D /* Frameworks */ = {
			isa = PBXFrameworksBuildPhase;
			buildActionMask = 2147483647;
			files = (
			);
			runOnlyForDeploymentPostprocessing = 0;
		};
/* End PBXFrameworksBuildPhase section */

/* Begin PBXGroup section */
		20AC8A352BACB481001BB43D = {
			isa = PBXGroup;
			children = (
				20AC8A402BACB481001BB43D /* Lab 5 */,
				20AC8A522BACB482001BB43D /* Lab 5Tests */,
				20AC8A5C2BACB482001BB43D /* Lab 5UITests */,
				20AC8A3F2BACB481001BB43D /* Products */,
			);
			sourceTree = "<group>";
		};
		20AC8A3F2BACB481001BB43D /* Products */ = {
			isa = PBXGroup;
			children = (
				20AC8A3E2BACB481001BB43D /* Lab 5.app */,
				20AC8A4F2BACB482001BB43D /* Lab 5Tests.xctest */,
				20AC8A592BACB482001BB43D /* Lab 5UITests.xctest */,
			);
			name = Products;
			sourceTree = "<group>";
		};
		20AC8A402BACB481001BB43D /* Lab 5 */ = {
			isa = PBXGroup;
			children = (
				20AC8A412BACB481001BB43D /* AppDelegate.swift */,
				20AC8A432BACB481001BB43D /* ViewController.swift */,
				20AC8A452BACB482001BB43D /* Assets.xcassets */,
				20AC8A472BACB482001BB43D /* Main.storyboard */,
				20AC8A4A2BACB482001BB43D /* Lab_5.entitlements */,
			);
			path = "Lab 5";
			sourceTree = "<group>";
		};
		20AC8A522BACB482001BB43D /* Lab 5Tests */ = {
			isa = PBXGroup;
			children = (
				20AC8A532BACB482001BB43D /* Lab_5Tests.swift */,
			);
			path = "Lab 5Tests";
			sourceTree = "<group>";
		};
		20AC8A5C2BACB482001BB43D /* Lab 5UITests */ = {
			isa = PBXGroup;
			children = (
				20AC8A5D2BACB482001BB43D /* Lab_5UITests.swift */,
				20AC8A5F2BACB482001BB43D /* Lab_5UITestsLaunchTests.swift */,
			);
			path = "Lab 5UITests";
			sourceTree = "<group>";
		};
/* End PBXGroup section */

/* Begin PBXNativeTarget section */
		20AC8A3D2BACB481001BB43D /* Lab 5 */ = {
			isa = PBXNativeTarget;
			buildConfigurationList = 20AC8A632BACB482001BB43D /* Build configuration list for PBXNativeTarget "Lab 5" */;
			buildPhases = (
				20AC8A3A2BACB481001BB43D /* Sources */,
				20AC8A3B2BACB481001BB43D /* Frameworks */,
				20AC8A3C2BACB481001BB43D /* Resources */,
			);
			buildRules = (
			);
			dependencies = (
			);
			name = "Lab 5";
			productName = "Lab 5";
			productReference = 20AC8A3E2BACB481001BB43D /* Lab 5.app */;
			productType = "com.apple.product-type.application";
		};
		20AC8A4E2BACB482001BB43D /* Lab 5Tests */ = {
			isa = PBXNativeTarget;
			buildConfigurationList = 20AC8A662BACB482001BB43D /* Build configuration list for PBXNativeTarget "Lab 5Tests" */;
			buildPhases = (
				20AC8A4B2BACB482001BB43D /* Sources */,
				20AC8A4C2BACB482001BB43D /* Frameworks */,
				20AC8A4D2BACB482001BB43D /* Resources */,
			);
			buildRules = (
			);
			dependencies = (
				20AC8A512BACB482001BB43D /* PBXTargetDependency */,
			);
			name = "Lab 5Tests";
			productName = "Lab 5Tests";
			productReference = 20AC8A4F2BACB482001BB43D /* Lab 5Tests.xctest */;
			productType = "com.apple.product-type.bundle.unit-test";
		};
		20AC8A582BACB482001BB43D /* Lab 5UITests */ = {
			isa = PBXNativeTarget;
			buildConfigurationList = 20AC8A692BACB482001BB43D /* Build configuration list for PBXNativeTarget "Lab 5UITests" */;
			buildPhases = (
				20AC8A552BACB482001BB43D /* Sources */,
				20AC8A562BACB482001BB43D /* Frameworks */,
				20AC8A572BACB482001BB43D /* Resources */,
			);
			buildRules = (
			);
			dependencies = (
				20AC8A5B2BACB482001BB43D /* PBXTargetDependency */,
			);
			name = "Lab 5UITests";
			productName = "Lab 5UITests";
			productReference = 20AC8A592BACB482001BB43D /* Lab 5UITests.xctest */;
			productType = "com.apple.product-type.bundle.ui-testing";
		};
/* End PBXNativeTarget section */

/* Begin PBXProject section */
		20AC8A362BACB481001BB43D /* Project object */ = {
			isa = PBXProject;
			attributes = {
				BuildIndependentTargetsInParallel = 1;
				LastSwiftUpdateCheck = 1520;
				LastUpgradeCheck = 1520;
				TargetAttributes = {
					20AC8A3D2BACB481001BB43D = {
						CreatedOnToolsVersion = 15.2;
					};
					20AC8A4E2BACB482001BB43D = {
						CreatedOnToolsVersion = 15.2;
						TestTargetID = 20AC8A3D2BACB481001BB43D;
					};
					20AC8A582BACB482001BB43D = {
						CreatedOnToolsVersion = 15.2;
						TestTargetID = 20AC8A3D2BACB481001BB43D;
					};
				};
			};
			buildConfigurationList = 20AC8A392BACB481001BB43D /* Build configuration list for PBXProject "Lab 5" */;
			compatibilityVersion = "Xcode 14.0";
			developmentRegion = en;
			hasScannedForEncodings = 0;
			knownRegions = (
				en,
				Base,
			);
			mainGroup = 20AC8A352BACB481001BB43D;
			productRefGroup = 20AC8A3F2BACB481001BB43D /* Products */;
			projectDirPath = "";
			projectRoot = "";
			targets = (
				20AC8A3D2BACB481001BB43D /* Lab 5 */,
				20AC8A4E2BACB482001BB43D /* Lab 5Tests */,
				20AC8A582BACB482001BB43D /* Lab 5UITests */,
			);
		};
/* End PBXProject section */

/* Begin PBXResourcesBuildPhase section */
		20AC8A3C2BACB481001BB43D /* Resources */ = {
			isa = PBXResourcesBuildPhase;
			buildActionMask = 2147483647;
			files = (
				20AC8A462BACB482001BB43D /* Assets.xcassets in Resources */,
				20AC8A492BACB482001BB43D /* Main.storyboard in Resources */,
			);
			runOnlyForDeploymentPostprocessing = 0;
		};
		20AC8A4D2BACB482001BB43D /* Resources */ = {
			isa = PBXResourcesBuildPhase;
			buildActionMask = 2147483647;
			files = (
			);
			runOnlyForDeploymentPostprocessing = 0;
		};
		20AC8A572BACB482001BB43D /* Resources */ = {
			isa = PBXResourcesBuildPhase;
			buildActionMask = 2147483647;
			files = (
			);
			runOnlyForDeploymentPostprocessing = 0;
		};
/* End PBXResourcesBuildPhase section */

/* Begin PBXSourcesBuildPhase section */
		20AC8A3A2BACB481001BB43D /* Sources */ = {
			isa = PBXSourcesBuildPhase;
			buildActionMask = 2147483647;
			files = (
				20AC8A442BACB481001BB43D /* ViewController.swift in Sources */,
				20AC8A422BACB481001BB43D /* AppDelegate.swift in Sources */,
			);
			runOnlyForDeploymentPostprocessing = 0;
		};
		20AC8A4B2BACB482001BB43D /* Sources */ = {
			isa = PBXSourcesBuildPhase;
			buildActionMask = 2147483647;
			files = (
				20AC8A542BACB482001BB43D /* Lab_5Tests.swift in Sources */,
			);
			runOnlyForDeploymentPostprocessing = 0;
		};
		20AC8A552BACB482001BB43D /* Sources */ = {
			isa = PBXSourcesBuildPhase;
			buildActionMask = 2147483647;
			files = (
				20AC8A602BACB482001BB43D /* Lab_5UITestsLaunchTests.swift in Sources */,
				20AC8A5E2BACB482001BB43D /* Lab_5UITests.swift in Sources */,
			);
			runOnlyForDeploymentPostprocessing = 0;
		};
/* End PBXSourcesBuildPhase section */

/* Begin PBXTargetDependency section */
		20AC8A512BACB482001BB43D /* PBXTargetDependency */ = {
			isa = PBXTargetDependency;
			target = 20AC8A3D2BACB481001BB43D /* Lab 5 */;
			targetProxy = 20AC8A502BACB482001BB43D /* PBXContainerItemProxy */;
		};
		20AC8A5B2BACB482001BB43D /* PBXTargetDependency */ = {
			isa = PBXTargetDependency;
			target = 20AC8A3D2BACB481001BB43D /* Lab 5 */;
			targetProxy = 20AC8A5A2BACB482001BB43D /* PBXContainerItemProxy */;
		};
/* End PBXTargetDependency section */

/* Begin PBXVariantGroup section */
		20AC8A472BACB482001BB43D /* Main.storyboard */ = {
			isa = PBXVariantGroup;
			children = (
				20AC8A482BACB482001BB43D /* Base */,
			);
			name = Main.storyboard;
			sourceTree = "<group>";
		};
/* End PBXVariantGroup section */

/* Begin XCBuildConfiguration section */
		20AC8A612BACB482001BB43D /* Debug */ = {
			isa = XCBuildConfiguration;
			buildSettings = {
				ALWAYS_SEARCH_USER_PATHS = NO;
				ASSETCATALOG_COMPILER_GENERATE_SWIFT_ASSET_SYMBOL_EXTENSIONS = YES;
				CLANG_ANALYZER_NONNULL = YES;
				CLANG_ANALYZER_NUMBER_OBJECT_CONVERSION = YES_AGGRESSIVE;
				CLANG_CXX_LANGUAGE_STANDARD = "gnu++20";
				CLANG_ENABLE_MODULES = YES;
				CLANG_ENABLE_OBJC_ARC = YES;
				CLANG_ENABLE_OBJC_WEAK = YES;
				CLANG_WARN_BLOCK_CAPTURE_AUTORELEASING = YES;
				CLANG_WARN_BOOL_CONVERSION = YES;
				CLANG_WARN_COMMA = YES;
				CLANG_WARN_CONSTANT_CONVERSION = YES;
				CLANG_WARN_DEPRECATED_OBJC_IMPLEMENTATIONS = YES;
				CLANG_WARN_DIRECT_OBJC_ISA_USAGE = YES_ERROR;
				CLANG_WARN_DOCUMENTATION_COMMENTS = YES;
				CLANG_WARN_EMPTY_BODY = YES;
				CLANG_WARN_ENUM_CONVERSION = YES;
				CLANG_WARN_INFINITE_RECURSION = YES;
				CLANG_WARN_INT_CONVERSION = YES;
				CLANG_WARN_NON_LITERAL_NULL_CONVERSION = YES;
				CLANG_WARN_OBJC_IMPLICIT_RETAIN_SELF = YES;
				CLANG_WARN_OBJC_LITERAL_CONVERSION = YES;
				CLANG_WARN_OBJC_ROOT_CLASS = YES_ERROR;
				CLANG_WARN_QUOTED_INCLUDE_IN_FRAMEWORK_HEADER = YES;
				CLANG_WARN_RANGE_LOOP_ANALYSIS = YES;
				CLANG_WARN_STRICT_PROTOTYPES = YES;
				CLANG_WARN_SUSPICIOUS_MOVE = YES;
				CLANG_WARN_UNGUARDED_AVAILABILITY = YES_AGGRESSIVE;
				CLANG_WARN_UNREACHABLE_CODE = YES;
				CLANG_WARN__DUPLICATE_METHOD_MATCH = YES;
				COPY_PHASE_STRIP = NO;
				DEBUG_INFORMATION_FORMAT = dwarf;
				ENABLE_STRICT_OBJC_MSGSEND = YES;
				ENABLE_TESTABILITY = YES;
				ENABLE_USER_SCRIPT_SANDBOXING = YES;
				GCC_C_LANGUAGE_STANDARD = gnu17;
				GCC_DYNAMIC_NO_PIC = NO;
				GCC_NO_COMMON_BLOCKS = YES;
				GCC_OPTIMIZATION_LEVEL = 0;
				GCC_PREPROCESSOR_DEFINITIONS = (
					"DEBUG=1",
					"$(inherited)",
				);
				GCC_WARN_64_TO_32_BIT_CONVERSION = YES;
				GCC_WARN_ABOUT_RETURN_TYPE = YES_ERROR;
				GCC_WARN_UNDECLARED_SELECTOR = YES;
				GCC_WARN_UNINITIALIZED_AUTOS = YES_AGGRESSIVE;
				GCC_WARN_UNUSED_FUNCTION = YES;
				GCC_WARN_UNUSED_VARIABLE = YES;
				LOCALIZATION_PREFERS_STRING_CATALOGS = YES;
				MACOSX_DEPLOYMENT_TARGET = 13.5;
				MTL_ENABLE_DEBUG_INFO = INCLUDE_SOURCE;
				MTL_FAST_MATH = YES;
				ONLY_ACTIVE_ARCH = YES;
				SDKROOT = macosx;
				SWIFT_ACTIVE_COMPILATION_CONDITIONS = "DEBUG $(inherited)";
				SWIFT_OPTIMIZATION_LEVEL = "-Onone";
			};
			name = Debug;
		};
		20AC8A622BACB482001BB43D /* Release */ = {
			isa = XCBuildConfiguration;
			buildSettings = {
				ALWAYS_SEARCH_USER_PATHS = NO;
				ASSETCATALOG_COMPILER_GENERATE_SWIFT_ASSET_SYMBOL_EXTENSIONS = YES;
				CLANG_ANALYZER_NONNULL = YES;
				CLANG_ANALYZER_NUMBER_OBJECT_CONVERSION = YES_AGGRESSIVE;
				CLANG_CXX_LANGUAGE_STANDARD = "gnu++20";
				CLANG_ENABLE_MODULES = YES;
				CLANG_ENABLE_OBJC_ARC = YES;
				CLANG_ENABLE_OBJC_WEAK = YES;
				CLANG_WARN_BLOCK_CAPTURE_AUTORELEASING = YES;
				CLANG_WARN_BOOL_CONVERSION = YES;
				CLANG_WARN_COMMA = YES;
				CLANG_WARN_CONSTANT_CONVERSION = YES;
				CLANG_WARN_DEPRECATED_OBJC_IMPLEMENTATIONS = YES;
				CLANG_WARN_DIRECT_OBJC_ISA_USAGE = YES_ERROR;
				CLANG_WARN_DOCUMENTATION_COMMENTS = YES;
				CLANG_WARN_EMPTY_BODY = YES;
				CLANG_WARN_ENUM_CONVERSION = YES;
				CLANG_WARN_INFINITE_RECURSION = YES;
				CLANG_WARN_INT_CONVERSION = YES;
				CLANG_WARN_NON_LITERAL_NULL_CONVERSION = YES;
				CLANG_WARN_OBJC_IMPLICIT_RETAIN_SELF = YES;
				CLANG_WARN_OBJC_LITERAL_CONVERSION = YES;
				CLANG_WARN_OBJC_ROOT_CLASS = YES_ERROR;
				CLANG_WARN_QUOTED_INCLUDE_IN_FRAMEWORK_HEADER = YES;
				CLANG_WARN_RANGE_LOOP_ANALYSIS = YES;
				CLANG_WARN_STRICT_PROTOTYPES = YES;
				CLANG_WARN_SUSPICIOUS_MOVE = YES;
				CLANG_WARN_UNGUARDED_AVAILABILITY = YES_AGGRESSIVE;
				CLANG_WARN_UNREACHABLE_CODE = YES;
				CLANG_WARN__DUPLICATE_METHOD_MATCH = YES;
				COPY_PHASE_STRIP = NO;
				DEBUG_INFORMATION_FORMAT = "dwarf-with-dsym";
				ENABLE_NS_ASSERTIONS = NO;
				ENABLE_STRICT_OBJC_MSGSEND = YES;
				ENABLE_USER_SCRIPT_SANDBOXING = YES;
				GCC_C_LANGUAGE_STANDARD = gnu17;
				GCC_NO_COMMON_BLOCKS = YES;
				GCC_WARN_64_TO_32_BIT_CONVERSION = YES;
				GCC_WARN_ABOUT_RETURN_TYPE = YES_ERROR;
				GCC_WARN_UNDECLARED_SELECTOR = YES;
				GCC_WARN_UNINITIALIZED_AUTOS = YES_AGGRESSIVE;
				GCC_WARN_UNUSED_FUNCTION = YES;
				GCC_WARN_UNUSED_VARIABLE = YES;
				LOCALIZATION_PREFERS_STRING_CATALOGS = YES;
				MACOSX_DEPLOYMENT_TARGET = 13.5;
				MTL_ENABLE_DEBUG_INFO = NO;
				MTL_FAST_MATH = YES;
				SDKROOT = macosx;
				SWIFT_COMPILATION_MODE = wholemodule;
			};
			name = Release;
		};
		20AC8A642BACB482001BB43D /* Debug */ = {
			isa = XCBuildConfiguration;
			buildSettings = {
				ASSETCATALOG_COMPILER_APPICON_NAME = AppIcon;
				ASSETCATALOG_COMPILER_GLOBAL_ACCENT_COLOR_NAME = AccentColor;
				CODE_SIGN_ENTITLEMENTS = "Lab 5/Lab_5.entitlements";
				CODE_SIGN_STYLE = Automatic;
				COMBINE_HIDPI_IMAGES = YES;
				CURRENT_PROJECT_VERSION = 1;
				GENERATE_INFOPLIST_FILE = YES;
				INFOPLIST_KEY_NSHumanReadableCopyright = "";
				INFOPLIST_KEY_NSMainStoryboardFile = Main;
				INFOPLIST_KEY_NSPrincipalClass = NSApplication;
				LD_RUNPATH_SEARCH_PATHS = (
					"$(inherited)",
					"@executable_path/../Frameworks",
				);
				MARKETING_VERSION = 1.0;
				PRODUCT_BUNDLE_IDENTIFIER = "IOS-Mob.Lab-5";
				PRODUCT_NAME = "$(TARGET_NAME)";
				SWIFT_EMIT_LOC_STRINGS = YES;
				SWIFT_VERSION = 5.0;
			};
			name = Debug;
		};
		20AC8A652BACB482001BB43D /* Release */ = {
			isa = XCBuildConfiguration;
			buildSettings = {
				ASSETCATALOG_COMPILER_APPICON_NAME = AppIcon;
				ASSETCATALOG_COMPILER_GLOBAL_ACCENT_COLOR_NAME = AccentColor;
				CODE_SIGN_ENTITLEMENTS = "Lab 5/Lab_5.entitlements";
				CODE_SIGN_STYLE = Automatic;
				COMBINE_HIDPI_IMAGES = YES;
				CURRENT_PROJECT_VERSION = 1;
				GENERATE_INFOPLIST_FILE = YES;
				INFOPLIST_KEY_NSHumanReadableCopyright = "";
				INFOPLIST_KEY_NSMainStoryboardFile = Main;
				INFOPLIST_KEY_NSPrincipalClass = NSApplication;
				LD_RUNPATH_SEARCH_PATHS = (
					"$(inherited)",
					"@executable_path/../Frameworks",
				);
				MARKETING_VERSION = 1.0;
				PRODUCT_BUNDLE_IDENTIFIER = "IOS-Mob.Lab-5";
				PRODUCT_NAME = "$(TARGET_NAME)";
				SWIFT_EMIT_LOC_STRINGS = YES;
				SWIFT_VERSION = 5.0;
			};
			name = Release;
		};
		20AC8A672BACB482001BB43D /* Debug */ = {
			isa = XCBuildConfiguration;
			buildSettings = {
				ALWAYS_EMBED_SWIFT_STANDARD_LIBRARIES = YES;
				BUNDLE_LOADER = "$(TEST_HOST)";
				CODE_SIGN_STYLE = Automatic;
				CURRENT_PROJECT_VERSION = 1;
				GENERATE_INFOPLIST_FILE = YES;
				MACOSX_DEPLOYMENT_TARGET = 13.5;
				MARKETING_VERSION = 1.0;
				PRODUCT_BUNDLE_IDENTIFIER = "IOS-Mob.Lab-5Tests";
				PRODUCT_NAME = "$(TARGET_NAME)";
				SWIFT_EMIT_LOC_STRINGS = NO;
				SWIFT_VERSION = 5.0;
				TEST_HOST = "$(BUILT_PRODUCTS_DIR)/Lab 5.app/$(BUNDLE_EXECUTABLE_FOLDER_PATH)/Lab 5";
			};
			name = Debug;
		};
		20AC8A682BACB482001BB43D /* Release */ = {
			isa = XCBuildConfiguration;
			buildSettings = {
				ALWAYS_EMBED_SWIFT_STANDARD_LIBRARIES = YES;
				BUNDLE_LOADER = "$(TEST_HOST)";
				CODE_SIGN_STYLE = Automatic;
				CURRENT_PROJECT_VERSION = 1;
				GENERATE_INFOPLIST_FILE = YES;
				MACOSX_DEPLOYMENT_TARGET = 13.5;
				MARKETING_VERSION = 1.0;
				PRODUCT_BUNDLE_IDENTIFIER = "IOS-Mob.Lab-5Tests";
				PRODUCT_NAME = "$(TARGET_NAME)";
				SWIFT_EMIT_LOC_STRINGS = NO;
				SWIFT_VERSION = 5.0;
				TEST_HOST = "$(BUILT_PRODUCTS_DIR)/Lab 5.app/$(BUNDLE_EXECUTABLE_FOLDER_PATH)/Lab 5";
			};
			name = Release;
		};
		20AC8A6A2BACB482001BB43D /* Debug */ = {
			isa = XCBuildConfiguration;
			buildSettings = {
				ALWAYS_EMBED_SWIFT_STANDARD_LIBRARIES = YES;
				CODE_SIGN_STYLE = Automatic;
				CURRENT_PROJECT_VERSION = 1;
				GENERATE_INFOPLIST_FILE = YES;
				MARKETING_VERSION = 1.0;
				PRODUCT_BUNDLE_IDENTIFIER = "IOS-Mob.Lab-5UITests";
				PRODUCT_NAME = "$(TARGET_NAME)";
				SWIFT_EMIT_LOC_STRINGS = NO;
				SWIFT_VERSION = 5.0;
				TEST_TARGET_NAME = "Lab 5";
			};
			name = Debug;
		};
		20AC8A6B2BACB482001BB43D /* Release */ = {
			isa = XCBuildConfiguration;
			buildSettings = {
				ALWAYS_EMBED_SWIFT_STANDARD_LIBRARIES = YES;
				CODE_SIGN_STYLE = Automatic;
				CURRENT_PROJECT_VERSION = 1;
				GENERATE_INFOPLIST_FILE = YES;
				MARKETING_VERSION = 1.0;
				PRODUCT_BUNDLE_IDENTIFIER = "IOS-Mob.Lab-5UITests";
				PRODUCT_NAME = "$(TARGET_NAME)";
				SWIFT_EMIT_LOC_STRINGS = NO;
				SWIFT_VERSION = 5.0;
				TEST_TARGET_NAME = "Lab 5";
			};
			name = Release;
		};
/* End XCBuildConfiguration section */

/* Begin XCConfigurationList section */
		20AC8A392BACB481001BB43D /* Build configuration list for PBXProject "Lab 5" */ = {
			isa = XCConfigurationList;
			buildConfigurations = (
				20AC8A612BACB482001BB43D /* Debug */,
				20AC8A622BACB482001BB43D /* Release */,
			);
			defaultConfigurationIsVisible = 0;
			defaultConfigurationName = Release;
		};
		20AC8A632BACB482001BB43D /* Build configuration list for PBXNativeTarget "Lab 5" */ = {
			isa = XCConfigurationList;
			buildConfigurations = (
				20AC8A642BACB482001BB43D /* Debug */,
				20AC8A652BACB482001BB43D /* Release */,
			);
			defaultConfigurationIsVisible = 0;
			defaultConfigurationName = Release;
		};
		20AC8A662BACB482001BB43D /* Build configuration list for PBXNativeTarget "Lab 5Tests" */ = {
			isa = XCConfigurationList;
			buildConfigurations = (
				20AC8A672BACB482001BB43D /* Debug */,
				20AC8A682BACB482001BB43D /* Release */,
			);
			defaultConfigurationIsVisible = 0;
			defaultConfigurationName = Release;
		};
		20AC8A692BACB482001BB43D /* Build configuration list for PBXNativeTarget "Lab 5UITests" */ = {
			isa = XCConfigurationList;
			buildConfigurations = (
				20AC8A6A2BACB482001BB43D /* Debug */,
				20AC8A6B2BACB482001BB43D /* Release */,
			);
			defaultConfigurationIsVisible = 0;
			defaultConfigurationName = Release;
		};
/* End XCConfigurationList section */
	};
	rootObject = 20AC8A362BACB481001BB43D /* Project object */;
}
